{
  "object": {
    "pins": [
      {
        "package": "Alamofire",
        "repositoryURL": "https://github.com.cnpmjs.org/Alamofire/Alamofire",
        "state": {
          "branch": null,
          "revision": "f96b619bcb2383b43d898402283924b80e2c4bae",
          "version": "5.4.3"
        }
      },
      {
        "package": "CodeScanner",
        "repositoryURL": "https://github.com/twostraws/CodeScanner",
        "state": {
          "branch": null,
          "revision": "a2144ddaa7c43a6ee00873edd4cc7815ad97942f",
          "version": "1.0.7"
        }
      }
    ]
  },
  "version": 1
}
